version = 1
revision = 3
requires-python = ">=3.12"

[[package]]
name = "audio-classifier"
version = "0.1.0"
source = { editable = "." }
dependencies = [
    { name = "mutagen" },
    { name = "python-dotenv" },
]

[package.metadata]
requires-dist = [
    { name = "mutagen", specifier = ">=1.48" },
    { name = "python-dotenv", specifier = ">=1.0" },
]

[[package]]
name = "mutagen"
version = "1.48.1"
source = { registry = "https://pypi.org/simple" }
sdist = { url = "https://files.pythonhosted.org/packages/df/70/1675da133ea92227da41bf5b24e1c66be597ff736a1533ade41da986852f/mutagen-1.48.1.tar.gz", hash = "sha256:8f95637ab9f6f305cec6bd1294e197debe207998e3e068596563c74f86b0a173", size = 1276978, upload-time = "2026-06-25T09:47:32.443Z" }
wheels = [
    { url = "https://files.pythonhosted.org/packages/47/d8/a29e4e3991765e7ce4ed1f7e4074fe1ba9da03e0048639734de60f9cadb9/mutagen-1.48.1-py3-none-any.whl", hash = "sha256:4f077fe87d3fc7fba259aa63d8c026b18382ca6a42ef37c61e16f1b1b5b82fe7", size = 195706, upload-time = "2026-06-25T09:47:30.296Z" },
]

[[package]]
name = "python-dotenv"
version = "1.2.3"
source = { registry = "https://pypi.org/simple" }
sdist = { url = "https://files.pythonhosted.org/packages/6a/53/ed9d74092561d4b01a2ef1349d52cdbc135e526c245f366b089cfca6de49/python_dotenv-1.2.3.tar.gz", hash = "sha256:a20a594dabeaa385725aa239d5244871c143ecb356add8a20fcf23773a6c3a35", size = 58945, upload-time = "2026-08-16T16:54:54.067Z" }
wheels = [
    { url = "https://files.pythonhosted.org/packages/0d/17/c5c6b53ddc18f297992099b3d9ec16c855c0ccc83263a21fe4d1c625ec6c/python_dotenv-1.2.3-py3-none-any.whl", hash = "sha256:904552145e8bfed22162c09dab1c2b9b54fefa7b23ba780f4f26ca0316b0f0d9", size = 22780, upload-time = "2026-08-16T16:54:52.473Z" },
]
